
Microsoft Visual Studio Solution File, Format Version 10.00
# Visual Studio 2008
Project("{FAE04EC0-301F-11D3-BF4B-00C04F79EFBC}") = "OpenXNA", "OpenXNA.csproj", "{2E8D3B30-FC99-4C85-AAF5-CC994D4AE9EE}"
EndProject
Project("{FAE04EC0-301F-11D3-BF4B-00C04F79EFBC}") = "TestGame", "..\TestGame\TestGame.csproj", "{E3F881E6-2FCD-4F22-81EF-59477CA857D9}"
EndProject
Project("{FAE04EC0-301F-11D3-BF4B-00C04F79EFBC}") = "BoxTest", "..\BoxTest\BoxTest.csproj", "{39CA41E9-A4E6-4F0E-82B2-B5DA25ABB057}"
EndProject
Global
	GlobalSection(SolutionConfigurationPlatforms) = preSolution
		Debug|Any CPU = Debug|Any CPU
		Release|Any CPU = Release|Any CPU
	EndGlobalSection
	GlobalSection(ProjectConfigurationPlatforms) = postSolution
		{2E8D3B30-FC99-4C85-AAF5-CC994D4AE9EE}.Debug|Any CPU.ActiveCfg = Debug|Any CPU
		{2E8D3B30-FC99-4C85-AAF5-CC994D4AE9EE}.Debug|Any CPU.Build.0 = Debug|Any CPU
		{2E8D3B30-FC99-4C85-AAF5-CC994D4AE9EE}.Release|Any CPU.ActiveCfg = Release|Any CPU
		{2E8D3B30-FC99-4C85-AAF5-CC994D4AE9EE}.Release|Any CPU.Build.0 = Release|Any CPU
		{39CA41E9-A4E6-4F0E-82B2-B5DA25ABB057}.Debug|Any CPU.ActiveCfg = Debug|Any CPU
		{39CA41E9-A4E6-4F0E-82B2-B5DA25ABB057}.Debug|Any CPU.Build.0 = Debug|Any CPU
		{39CA41E9-A4E6-4F0E-82B2-B5DA25ABB057}.Release|Any CPU.ActiveCfg = Release|Any CPU
		{39CA41E9-A4E6-4F0E-82B2-B5DA25ABB057}.Release|Any CPU.Build.0 = Release|Any CPU
		{E3F881E6-2FCD-4F22-81EF-59477CA857D9}.Debug|Any CPU.ActiveCfg = Debug|Any CPU
		{E3F881E6-2FCD-4F22-81EF-59477CA857D9}.Debug|Any CPU.Build.0 = Debug|Any CPU
		{E3F881E6-2FCD-4F22-81EF-59477CA857D9}.Release|Any CPU.ActiveCfg = Release|Any CPU
		{E3F881E6-2FCD-4F22-81EF-59477CA857D9}.Release|Any CPU.Build.0 = Release|Any CPU
	EndGlobalSection
	GlobalSection(MonoDevelopProperties) = preSolution
		StartupItem = OpenXNA.csproj
	EndGlobalSection
EndGlobal
